
Microsoft Visual Studio Solution File, Format Version 11.00
# Visual Studio 2010
Project("{FAE04EC0-301F-11D3-BF4B-00C04F79EFBC}") = "QWhirl.Plugins", "QWhirl.Plugins.csproj", "{65DDBD24-29AC-493F-8F04-5D65717205E7}"
EndProject
Project("{FAE04EC0-301F-11D3-BF4B-00C04F79EFBC}") = "TE.VVVV.Plugins", "..\..\te\TE.VVVV\TE.VVVV.Plugins\TE.VVVV.Plugins.csproj", "{119A9F0F-5DCD-4332-AD7E-D8A5B2A6C2F5}"
EndProject
Global
	GlobalSection(SolutionConfigurationPlatforms) = preSolution
		Debug|Any CPU = Debug|Any CPU
		Release|Any CPU = Release|Any CPU
	EndGlobalSection
	GlobalSection(ProjectConfigurationPlatforms) = postSolution
		{65DDBD24-29AC-493F-8F04-5D65717205E7}.Debug|Any CPU.ActiveCfg = Debug|Any CPU
		{65DDBD24-29AC-493F-8F04-5D65717205E7}.Debug|Any CPU.Build.0 = Debug|Any CPU
		{65DDBD24-29AC-493F-8F04-5D65717205E7}.Release|Any CPU.ActiveCfg = Release|Any CPU
		{65DDBD24-29AC-493F-8F04-5D65717205E7}.Release|Any CPU.Build.0 = Release|Any CPU
		{119A9F0F-5DCD-4332-AD7E-D8A5B2A6C2F5}.Debug|Any CPU.ActiveCfg = Debug|Any CPU
		{119A9F0F-5DCD-4332-AD7E-D8A5B2A6C2F5}.Debug|Any CPU.Build.0 = Debug|Any CPU
		{119A9F0F-5DCD-4332-AD7E-D8A5B2A6C2F5}.Release|Any CPU.ActiveCfg = Release|Any CPU
		{119A9F0F-5DCD-4332-AD7E-D8A5B2A6C2F5}.Release|Any CPU.Build.0 = Release|Any CPU
	EndGlobalSection
	GlobalSection(SolutionProperties) = preSolution
		HideSolutionNode = FALSE
	EndGlobalSection
EndGlobal
