
Microsoft Visual Studio Solution File, Format Version 11.00
# Visual Studio 2010
Project("{FAE04EC0-301F-11D3-BF4B-00C04F79EFBC}") = "StructNodes", "StructNodes\StructNodes.csproj", "{E542FB50-1297-486B-8D89-A99FA6AC95DE}"
EndProject
Project("{FAE04EC0-301F-11D3-BF4B-00C04F79EFBC}") = "DebugNodes", "DebugNodes\DebugNodes.csproj", "{8D23FE34-9206-447B-B7DF-5D6976A569F5}"
EndProject
Project("{FAE04EC0-301F-11D3-BF4B-00C04F79EFBC}") = "DummyNodes", "DummyNodes\DummyNodes.csproj", "{1A922ECD-76C2-4201-9788-7324BA92E161}"
EndProject
Project("{FAE04EC0-301F-11D3-BF4B-00C04F79EFBC}") = "BusNodes", "BusNodes\BusNodes.csproj", "{CCAD80A1-88A4-4A62-91D1-3A33A3070DDB}"
EndProject
Project("{FAE04EC0-301F-11D3-BF4B-00C04F79EFBC}") = "GUITemplate", "TemplateGUI\GUITemplate.csproj", "{6A0AFB1F-8219-4A08-85F7-B7F19B66AC16}"
EndProject
Project("{FAE04EC0-301F-11D3-BF4B-00C04F79EFBC}") = "GuiNodes", "GuiNodes\GuiNodes.csproj", "{383DC583-E208-4164-8E45-802C3A2B2C60}"
EndProject
Project("{FAE04EC0-301F-11D3-BF4B-00C04F79EFBC}") = "XamlNodes", "XamlNodes\XamlNodes.csproj", "{CD4DA727-EBBD-428E-9B2C-019FA05F58DB}"
EndProject
Project("{FAE04EC0-301F-11D3-BF4B-00C04F79EFBC}") = "MiscNodes", "MiscNodes\MiscNodes.csproj", "{898F87BA-FB40-4D78-880F-C31FFB622EC7}"
EndProject
Project("{FAE04EC0-301F-11D3-BF4B-00C04F79EFBC}") = "CommandNodes", "CommandNodes\CommandNodes.csproj", "{2F33D4BF-CCA6-4564-B04C-E5433F4B086F}"
EndProject
Global
	GlobalSection(SolutionConfigurationPlatforms) = preSolution
		Debug|Any CPU = Debug|Any CPU
		Release|Any CPU = Release|Any CPU
	EndGlobalSection
	GlobalSection(ProjectConfigurationPlatforms) = postSolution
		{E542FB50-1297-486B-8D89-A99FA6AC95DE}.Debug|Any CPU.ActiveCfg = Debug|Any CPU
		{E542FB50-1297-486B-8D89-A99FA6AC95DE}.Debug|Any CPU.Build.0 = Debug|Any CPU
		{E542FB50-1297-486B-8D89-A99FA6AC95DE}.Release|Any CPU.ActiveCfg = Release|Any CPU
		{E542FB50-1297-486B-8D89-A99FA6AC95DE}.Release|Any CPU.Build.0 = Release|Any CPU
		{8D23FE34-9206-447B-B7DF-5D6976A569F5}.Debug|Any CPU.ActiveCfg = Debug|Any CPU
		{8D23FE34-9206-447B-B7DF-5D6976A569F5}.Debug|Any CPU.Build.0 = Debug|Any CPU
		{8D23FE34-9206-447B-B7DF-5D6976A569F5}.Release|Any CPU.ActiveCfg = Release|Any CPU
		{8D23FE34-9206-447B-B7DF-5D6976A569F5}.Release|Any CPU.Build.0 = Release|Any CPU
		{1A922ECD-76C2-4201-9788-7324BA92E161}.Debug|Any CPU.ActiveCfg = Debug|Any CPU
		{1A922ECD-76C2-4201-9788-7324BA92E161}.Debug|Any CPU.Build.0 = Debug|Any CPU
		{1A922ECD-76C2-4201-9788-7324BA92E161}.Release|Any CPU.ActiveCfg = Release|Any CPU
		{1A922ECD-76C2-4201-9788-7324BA92E161}.Release|Any CPU.Build.0 = Release|Any CPU
		{CCAD80A1-88A4-4A62-91D1-3A33A3070DDB}.Debug|Any CPU.ActiveCfg = Debug|Any CPU
		{CCAD80A1-88A4-4A62-91D1-3A33A3070DDB}.Debug|Any CPU.Build.0 = Debug|Any CPU
		{CCAD80A1-88A4-4A62-91D1-3A33A3070DDB}.Release|Any CPU.ActiveCfg = Release|Any CPU
		{CCAD80A1-88A4-4A62-91D1-3A33A3070DDB}.Release|Any CPU.Build.0 = Release|Any CPU
		{6A0AFB1F-8219-4A08-85F7-B7F19B66AC16}.Debug|Any CPU.ActiveCfg = Debug|Any CPU
		{6A0AFB1F-8219-4A08-85F7-B7F19B66AC16}.Debug|Any CPU.Build.0 = Debug|Any CPU
		{6A0AFB1F-8219-4A08-85F7-B7F19B66AC16}.Release|Any CPU.ActiveCfg = Debug|Any CPU
		{6A0AFB1F-8219-4A08-85F7-B7F19B66AC16}.Release|Any CPU.Build.0 = Debug|Any CPU
		{383DC583-E208-4164-8E45-802C3A2B2C60}.Debug|Any CPU.ActiveCfg = Debug|Any CPU
		{383DC583-E208-4164-8E45-802C3A2B2C60}.Debug|Any CPU.Build.0 = Debug|Any CPU
		{383DC583-E208-4164-8E45-802C3A2B2C60}.Release|Any CPU.ActiveCfg = Release|Any CPU
		{383DC583-E208-4164-8E45-802C3A2B2C60}.Release|Any CPU.Build.0 = Release|Any CPU
		{CD4DA727-EBBD-428E-9B2C-019FA05F58DB}.Debug|Any CPU.ActiveCfg = Debug|Any CPU
		{CD4DA727-EBBD-428E-9B2C-019FA05F58DB}.Debug|Any CPU.Build.0 = Debug|Any CPU
		{CD4DA727-EBBD-428E-9B2C-019FA05F58DB}.Release|Any CPU.ActiveCfg = Release|Any CPU
		{CD4DA727-EBBD-428E-9B2C-019FA05F58DB}.Release|Any CPU.Build.0 = Release|Any CPU
		{898F87BA-FB40-4D78-880F-C31FFB622EC7}.Debug|Any CPU.ActiveCfg = Debug|Any CPU
		{898F87BA-FB40-4D78-880F-C31FFB622EC7}.Debug|Any CPU.Build.0 = Debug|Any CPU
		{898F87BA-FB40-4D78-880F-C31FFB622EC7}.Release|Any CPU.ActiveCfg = Release|Any CPU
		{898F87BA-FB40-4D78-880F-C31FFB622EC7}.Release|Any CPU.Build.0 = Release|Any CPU
		{2F33D4BF-CCA6-4564-B04C-E5433F4B086F}.Debug|Any CPU.ActiveCfg = Debug|Any CPU
		{2F33D4BF-CCA6-4564-B04C-E5433F4B086F}.Debug|Any CPU.Build.0 = Debug|Any CPU
		{2F33D4BF-CCA6-4564-B04C-E5433F4B086F}.Release|Any CPU.ActiveCfg = Release|Any CPU
		{2F33D4BF-CCA6-4564-B04C-E5433F4B086F}.Release|Any CPU.Build.0 = Release|Any CPU
	EndGlobalSection
	GlobalSection(SolutionProperties) = preSolution
		HideSolutionNode = FALSE
	EndGlobalSection
EndGlobal
