Microsoft Visual Studio Solution File, Format Version 11.00
# Visual Studio 2010
Project("{FAE04EC0-301F-11D3-BF4B-00C04F79EFBC}") = "prototype", "AnimatorPrototype\prototype.csproj", "{EE38E808-87E3-449A-A99F-1DE0A2C4AA4B}"
EndProject
Project("{FAE04EC0-301F-11D3-BF4B-00C04F79EFBC}") = "anicore", "src\anicore\anicore.csproj", "{178A8297-5804-43DE-A57C-CED633602BD5}"
EndProject
Project("{FAE04EC0-301F-11D3-BF4B-00C04F79EFBC}") = "Animator.Tests", "Animator.Tests\Animator.Tests.csproj", "{ADDFCA88-187A-4C32-9876-9089E5A0A648}"
EndProject
Project("{2150E333-8FDC-42A3-9474-1A3956D46DE8}") = "Solution Items", "Solution Items", "{4D7B10F4-56DD-4A3B-B0D4-A634370CBCDF}"
	ProjectSection(SolutionItems) = preProject
		Animator.vsmdi = Animator.vsmdi
		Local.testsettings = Local.testsettings
		TraceAndTestImpact.testsettings = TraceAndTestImpact.testsettings
	EndProjectSection
EndProject
Project("{FAE04EC0-301F-11D3-BF4B-00C04F79EFBC}") = "aniosc", "aniosc\aniosc.csproj", "{56CE73A3-B6E0-4E9A-8D7A-756862B509ED}"
EndProject
Global
	GlobalSection(TestCaseManagementSettings) = postSolution
		CategoryFile = Animator.vsmdi
	EndGlobalSection
	GlobalSection(SolutionConfigurationPlatforms) = preSolution
		Debug|Any CPU = Debug|Any CPU
		Release|Any CPU = Release|Any CPU
	EndGlobalSection
	GlobalSection(ProjectConfigurationPlatforms) = postSolution
		{EE38E808-87E3-449A-A99F-1DE0A2C4AA4B}.Debug|Any CPU.ActiveCfg = Debug|Any CPU
		{EE38E808-87E3-449A-A99F-1DE0A2C4AA4B}.Debug|Any CPU.Build.0 = Debug|Any CPU
		{EE38E808-87E3-449A-A99F-1DE0A2C4AA4B}.Release|Any CPU.ActiveCfg = Release|Any CPU
		{EE38E808-87E3-449A-A99F-1DE0A2C4AA4B}.Release|Any CPU.Build.0 = Release|Any CPU
		{178A8297-5804-43DE-A57C-CED633602BD5}.Debug|Any CPU.ActiveCfg = Debug|Any CPU
		{178A8297-5804-43DE-A57C-CED633602BD5}.Debug|Any CPU.Build.0 = Debug|Any CPU
		{178A8297-5804-43DE-A57C-CED633602BD5}.Release|Any CPU.ActiveCfg = Release|Any CPU
		{178A8297-5804-43DE-A57C-CED633602BD5}.Release|Any CPU.Build.0 = Release|Any CPU
		{ADDFCA88-187A-4C32-9876-9089E5A0A648}.Debug|Any CPU.ActiveCfg = Debug|Any CPU
		{ADDFCA88-187A-4C32-9876-9089E5A0A648}.Debug|Any CPU.Build.0 = Debug|Any CPU
		{ADDFCA88-187A-4C32-9876-9089E5A0A648}.Release|Any CPU.ActiveCfg = Release|Any CPU
		{ADDFCA88-187A-4C32-9876-9089E5A0A648}.Release|Any CPU.Build.0 = Release|Any CPU
		{56CE73A3-B6E0-4E9A-8D7A-756862B509ED}.Debug|Any CPU.ActiveCfg = Debug|Any CPU
		{56CE73A3-B6E0-4E9A-8D7A-756862B509ED}.Debug|Any CPU.Build.0 = Debug|Any CPU
		{56CE73A3-B6E0-4E9A-8D7A-756862B509ED}.Release|Any CPU.ActiveCfg = Release|Any CPU
		{56CE73A3-B6E0-4E9A-8D7A-756862B509ED}.Release|Any CPU.Build.0 = Release|Any CPU
	EndGlobalSection
	GlobalSection(SolutionProperties) = preSolution
		HideSolutionNode = FALSE
	EndGlobalSection
EndGlobal
